{
  "name": "stage-direct-final",
  "lockfileVersion": 3,
  "requires": true,
  "packages": {
    "": {
      "dependencies": {
        "tinymce": "^7.7.1"
      }
    },
    "node_modules/tinymce": {
      "version": "7.7.1",
      "resolved": "https://registry.npmjs.org/tinymce/-/tinymce-7.7.1.tgz",
      "integrity": "sha512-rMetqSgZtYbj4YPOX+gYgmlhy/sIjVlI/qlrSOul/Mpn9e0aIIG/fR0qvQSVYvxFv6OzRTge++NQyTbzLJK1NA==",
      "license": "GPL-2.0-or-later"
    }
  }
}
